
Microsoft Visual Studio Solution File, Format Version 12.00
# Visual Studio 15
VisualStudioVersion = 15.0.28307.168
MinimumVisualStudioVersion = 10.0.40219.1
Project("{9092AA53-FB77-4645-B42D-1CCCA6BD08BD}") = "NODEJS94", "NODEJS94\NODEJS94.njsproj", "{B270E022-AB0F-4B76-8D02-72D6CC21C52E}"
EndProject
Global
	GlobalSection(SolutionConfigurationPlatforms) = preSolution
		Debug|Any CPU = Debug|Any CPU
		Release|Any CPU = Release|Any CPU
	EndGlobalSection
	GlobalSection(ProjectConfigurationPlatforms) = postSolution
		{B270E022-AB0F-4B76-8D02-72D6CC21C52E}.Debug|Any CPU.ActiveCfg = Debug|Any CPU
		{B270E022-AB0F-4B76-8D02-72D6CC21C52E}.Debug|Any CPU.Build.0 = Debug|Any CPU
		{B270E022-AB0F-4B76-8D02-72D6CC21C52E}.Release|Any CPU.ActiveCfg = Release|Any CPU
		{B270E022-AB0F-4B76-8D02-72D6CC21C52E}.Release|Any CPU.Build.0 = Release|Any CPU
	EndGlobalSection
	GlobalSection(SolutionProperties) = preSolution
		HideSolutionNode = FALSE
	EndGlobalSection
	GlobalSection(ExtensibilityGlobals) = postSolution
		SolutionGuid = {61AAE3F6-90EA-47F4-AE95-BA2C01631301}
	EndGlobalSection
EndGlobal
